
Microsoft Visual Studio Solution File, Format Version 12.00
# Visual Studio Version 17
VisualStudioVersion = 17.6.33712.159
MinimumVisualStudioVersion = 10.0.40219.1
Project("{9A19103F-16F7-4668-BE54-9A1E7A4F7556}") = "Paris", "Paris\Paris.csproj", "{449DD7DC-D2FC-4062-A4AA-34F542A863F2}"
EndProject
Project("{FAE04EC0-301F-11D3-BF4B-00C04F79EFBC}") = "Paris.Forms", "Paris.Forms\Paris.Forms.csproj", "{780CBE8A-9FBE-4B06-9254-3B7E913CB99F}"
EndProject
Project("{FAE04EC0-301F-11D3-BF4B-00C04F79EFBC}") = "Paris.Support", "Paris.Support\Paris.Support.csproj", "{EECFE5BD-D3A2-47C6-A2DD-6C6095C0D3B4}"
EndProject
Project("{FAE04EC0-301F-11D3-BF4B-00C04F79EFBC}") = "Paris.Main", "Paris.Main\Paris.Main.csproj", "{EEE659E6-1420-4019-A5EA-F3CD93B96C18}"
EndProject
Global
	GlobalSection(SolutionConfigurationPlatforms) = preSolution
		Debug|Any CPU = Debug|Any CPU
		Release|Any CPU = Release|Any CPU
	EndGlobalSection
	GlobalSection(ProjectConfigurationPlatforms) = postSolution
		{449DD7DC-D2FC-4062-A4AA-34F542A863F2}.Debug|Any CPU.ActiveCfg = Debug|Any CPU
		{449DD7DC-D2FC-4062-A4AA-34F542A863F2}.Debug|Any CPU.Build.0 = Debug|Any CPU
		{449DD7DC-D2FC-4062-A4AA-34F542A863F2}.Release|Any CPU.ActiveCfg = Release|Any CPU
		{449DD7DC-D2FC-4062-A4AA-34F542A863F2}.Release|Any CPU.Build.0 = Release|Any CPU
		{780CBE8A-9FBE-4B06-9254-3B7E913CB99F}.Debug|Any CPU.ActiveCfg = Debug|Any CPU
		{780CBE8A-9FBE-4B06-9254-3B7E913CB99F}.Debug|Any CPU.Build.0 = Debug|Any CPU
		{780CBE8A-9FBE-4B06-9254-3B7E913CB99F}.Release|Any CPU.ActiveCfg = Release|Any CPU
		{780CBE8A-9FBE-4B06-9254-3B7E913CB99F}.Release|Any CPU.Build.0 = Release|Any CPU
		{EECFE5BD-D3A2-47C6-A2DD-6C6095C0D3B4}.Debug|Any CPU.ActiveCfg = Debug|Any CPU
		{EECFE5BD-D3A2-47C6-A2DD-6C6095C0D3B4}.Debug|Any CPU.Build.0 = Debug|Any CPU
		{EECFE5BD-D3A2-47C6-A2DD-6C6095C0D3B4}.Release|Any CPU.ActiveCfg = Release|Any CPU
		{EECFE5BD-D3A2-47C6-A2DD-6C6095C0D3B4}.Release|Any CPU.Build.0 = Release|Any CPU
		{EEE659E6-1420-4019-A5EA-F3CD93B96C18}.Debug|Any CPU.ActiveCfg = Debug|Any CPU
		{EEE659E6-1420-4019-A5EA-F3CD93B96C18}.Debug|Any CPU.Build.0 = Debug|Any CPU
		{EEE659E6-1420-4019-A5EA-F3CD93B96C18}.Release|Any CPU.ActiveCfg = Release|Any CPU
		{EEE659E6-1420-4019-A5EA-F3CD93B96C18}.Release|Any CPU.Build.0 = Release|Any CPU
	EndGlobalSection
	GlobalSection(SolutionProperties) = preSolution
		HideSolutionNode = FALSE
	EndGlobalSection
	GlobalSection(ExtensibilityGlobals) = postSolution
		SolutionGuid = {0E16E6F7-F7AE-4552-B95B-CD518F45B8CD}
	EndGlobalSection
EndGlobal
